{
  "requires": true,
  "lockfileVersion": 1,
  "dependencies": {
    "@types/webfontloader": {
      "version": "1.6.29",
      "resolved": "https://registry.npmjs.org/@types/webfontloader/-/webfontloader-1.6.29.tgz",
      "integrity": "sha512-wobuM+LvpkzU296NsFVRGDAFWw3X2XEhrLHuvV+VGSbok6aOxQcymmopUFwNB69qy5oudHt9lYC0JF+z+DxFLw=="
    }
  }
}
